// !$*UTF8*$!
{
	archiveVersion = 1;
	classes = {
	};
	objectVersion = 46;
	objects = {

/* Begin PBXBuildFile section */
		4090F6AF1D36E3C00092DB99 /* AppDelegate.swift in Sources */ = {isa = PBXBuildFile; fileRef = 4090F6AE1D36E3C00092DB99 /* AppDelegate.swift */; };
		4090F6B11D36E3C00092DB99 /* ViewController.swift in Sources */ = {isa = PBXBuildFile; fileRef = 4090F6B01D36E3C00092DB99 /* ViewController.swift */; };
		4090F6B41D36E3C00092DB99 /* Main.storyboard in Resources */ = {isa = PBXBuildFile; fileRef = 4090F6B21D36E3C00092DB99 /* Main.storyboard */; };
		4090F6B61D36E3C00092DB99 /* Images.xcassets in Resources */ = {isa = PBXBuildFile; fileRef = 4090F6B51D36E3C00092DB99 /* Images.xcassets */; };
		4090F6B91D36E3C00092DB99 /* LaunchScreen.xib in Resources */ = {isa = PBXBuildFile; fileRef = 4090F6B71D36E3C00092DB99 /* LaunchScreen.xib */; };
		4090F6C51D36E3C00092DB99 /* IsItPrimeTests.swift in Sources */ = {isa = PBXBuildFile; fileRef = 4090F6C41D36E3C00092DB99 /* IsItPrimeTests.swift */; };
/* End PBXBuildFile section */

/* Begin PBXContainerItemProxy section */
		4090F6BF1D36E3C00092DB99 /* PBXContainerItemProxy */ = {
			isa = PBXContainerItemProxy;
			containerPortal = 4090F6A11D36E3C00092DB99 /* Project object */;
			proxyType = 1;
			remoteGlobalIDString = 4090F6A81D36E3C00092DB99;
			remoteInfo = IsItPrime;
		};
/* End PBXContainerItemProxy section */

/* Begin PBXFileReference section */
		4090F6A91D36E3C00092DB99 /* IsItPrime.app */ = {isa = PBXFileReference; explicitFileType = wrapper.application; includeInIndex = 0; path = IsItPrime.app; sourceTree = BUILT_PRODUCTS_DIR; };
		4090F6AD1D36E3C00092DB99 /* Info.plist */ = {isa = PBXFileReference; lastKnownFileType = text.plist.xml; path = Info.plist; sourceTree = "<group>"; };
		4090F6AE1D36E3C00092DB99 /* AppDelegate.swift */ = {isa = PBXFileReference; lastKnownFileType = sourcecode.swift; path = AppDelegate.swift; sourceTree = "<group>"; };
		4090F6B01D36E3C00092DB99 /* ViewController.swift */ = {isa = PBXFileReference; lastKnownFileType = sourcecode.swift; path = ViewController.swift; sourceTree = "<group>"; };
		4090F6B31D36E3C00092DB99 /* Base */ = {isa = PBXFileReference; lastKnownFileType = file.storyboard; name = Base; path = Base.lproj/Main.storyboard; sourceTree = "<group>"; };
		4090F6B51D36E3C00092DB99 /* Images.xcassets */ = {isa = PBXFileReference; lastKnownFileType = folder.assetcatalog; path = Images.xcassets; sourceTree = "<group>"; };
		4090F6B81D36E3C00092DB99 /* Base */ = {isa = PBXFileReference; lastKnownFileType = file.xib; name = Base; path = Base.lproj/LaunchScreen.xib; sourceTree = "<group>"; };
		4090F6BE1D36E3C00092DB99 /* IsItPrimeTests.xctest */ = {isa = PBXFileReference; explicitFileType = wrapper.cfbundle; includeInIndex = 0; path = IsItPrimeTests.xctest; sourceTree = BUILT_PRODUCTS_DIR; };
		4090F6C31D36E3C00092DB99 /* Info.plist */ = {isa = PBXFileReference; lastKnownFileType = text.plist.xml; path = Info.plist; sourceTree = "<group>"; };
		4090F6C41D36E3C00092DB99 /* IsItPrimeTests.swift */ = {isa = PBXFileReference; lastKnownFileType = sourcecode.swift; path = IsItPrimeTests.swift; sourceTree = "<group>"; };
/* End PBXFileReference section */

/* Begin PBXFrameworksBuildPhase section */
		4090F6A61D36E3C00092DB99 /* Frameworks */ = {
			isa = PBXFrameworksBuildPhase;
			buildActionMask = 2147483647;
			files = (
			);
			runOnlyForDeploymentPostprocessing = 0;
		};
		4090F6BB1D36E3C00092DB99 /* Frameworks */ = {
			isa = PBXFrameworksBuildPhase;
			buildActionMask = 2147483647;
			files = (
			);
			runOnlyForDeploymentPostprocessing = 0;
		};
/* End PBXFrameworksBuildPhase section */

/* Begin PBXGroup section */
		4090F6A01D36E3C00092DB99 = {
			isa = PBXGroup;
			children = (
				4090F6AB1D36E3C00092DB99 /* IsItPrime */,
				4090F6C11D36E3C00092DB99 /* IsItPrimeTests */,
				4090F6AA1D36E3C00092DB99 /* Products */,
			);
			sourceTree = "<group>";
		};
		4090F6AA1D36E3C00092DB99 /* Products */ = {
			isa = PBXGroup;
			children = (
				4090F6A91D36E3C00092DB99 /* IsItPrime.app */,
				4090F6BE1D36E3C00092DB99 /* IsItPrimeTests.xctest */,
			);
			name = Products;
			sourceTree = "<group>";
		};
		4090F6AB1D36E3C00092DB99 /* IsItPrime */ = {
			isa = PBXGroup;
			children = (
				4090F6AE1D36E3C00092DB99 /* AppDelegate.swift */,
				4090F6B01D36E3C00092DB99 /* ViewController.swift */,
				4090F6B21D36E3C00092DB99 /* Main.storyboard */,
				4090F6B51D36E3C00092DB99 /* Images.xcassets */,
				4090F6B71D36E3C00092DB99 /* LaunchScreen.xib */,
				4090F6AC1D36E3C00092DB99 /* Supporting Files */,
			);
			path = IsItPrime;
			sourceTree = "<group>";
		};
		4090F6AC1D36E3C00092DB99 /* Supporting Files */ = {
			isa = PBXGroup;
			children = (
				4090F6AD1D36E3C00092DB99 /* Info.plist */,
			);
			name = "Supporting Files";
			sourceTree = "<group>";
		};
		4090F6C11D36E3C00092DB99 /* IsItPrimeTests */ = {
			isa = PBXGroup;
			children = (
				4090F6C41D36E3C00092DB99 /* IsItPrimeTests.swift */,
				4090F6C21D36E3C00092DB99 /* Supporting Files */,
			);
			path = IsItPrimeTests;
			sourceTree = "<group>";
		};
		4090F6C21D36E3C00092DB99 /* Supporting Files */ = {
			isa = PBXGroup;
			children = (
				4090F6C31D36E3C00092DB99 /* Info.plist */,
			);
			name = "Supporting Files";
			sourceTree = "<group>";
		};
/* End PBXGroup section */

/* Begin PBXNativeTarget section */
		4090F6A81D36E3C00092DB99 /* IsItPrime */ = {
			isa = PBXNativeTarget;
			buildConfigurationList = 4090F6C81D36E3C00092DB99 /* Build configuration list for PBXNativeTarget "IsItPrime" */;
			buildPhases = (
				4090F6A51D36E3C00092DB99 /* Sources */,
				4090F6A61D36E3C00092DB99 /* Frameworks */,
				4090F6A71D36E3C00092DB99 /* Resources */,
			);
			buildRules = (
			);
			dependencies = (
			);
			name = IsItPrime;
			productName = IsItPrime;
			productReference = 4090F6A91D36E3C00092DB99 /* IsItPrime.app */;
			productType = "com.apple.product-type.application";
		};
		4090F6BD1D36E3C00092DB99 /* IsItPrimeTests */ = {
			isa = PBXNativeTarget;
			buildConfigurationList = 4090F6CB1D36E3C00092DB99 /* Build configuration list for PBXNativeTarget "IsItPrimeTests" */;
			buildPhases = (
				4090F6BA1D36E3C00092DB99 /* Sources */,
				4090F6BB1D36E3C00092DB99 /* Frameworks */,
				4090F6BC1D36E3C00092DB99 /* Resources */,
			);
			buildRules = (
			);
			dependencies = (
				4090F6C01D36E3C00092DB99 /* PBXTargetDependency */,
			);
			name = IsItPrimeTests;
			productName = IsItPrimeTests;
			productReference = 4090F6BE1D36E3C00092DB99 /* IsItPrimeTests.xctest */;
			productType = "com.apple.product-type.bundle.unit-test";
		};
/* End PBXNativeTarget section */

/* Begin PBXProject section */
		4090F6A11D36E3C00092DB99 /* Project object */ = {
			isa = PBXProject;
			attributes = {
				LastUpgradeCheck = 0640;
				ORGANIZATIONNAME = Christwt;
				TargetAttributes = {
					4090F6A81D36E3C00092DB99 = {
						CreatedOnToolsVersion = 6.4;
					};
					4090F6BD1D36E3C00092DB99 = {
						CreatedOnToolsVersion = 6.4;
						TestTargetID = 4090F6A81D36E3C00092DB99;
					};
				};
			};
			buildConfigurationList = 4090F6A41D36E3C00092DB99 /* Build configuration list for PBXProject "IsItPrime" */;
			compatibilityVersion = "Xcode 3.2";
			developmentRegion = English;
			hasScannedForEncodings = 0;
			knownRegions = (
				en,
				Base,
			);
			mainGroup = 4090F6A01D36E3C00092DB99;
			productRefGroup = 4090F6AA1D36E3C00092DB99 /* Products */;
			projectDirPath = "";
			projectRoot = "";
			targets = (
				4090F6A81D36E3C00092DB99 /* IsItPrime */,
				4090F6BD1D36E3C00092DB99 /* IsItPrimeTests */,
			);
		};
/* End PBXProject section */

/* Begin PBXResourcesBuildPhase section */
		4090F6A71D36E3C00092DB99 /* Resources */ = {
			isa = PBXResourcesBuildPhase;
			buildActionMask = 2147483647;
			files = (
				4090F6B41D36E3C00092DB99 /* Main.storyboard in Resources */,
				4090F6B91D36E3C00092DB99 /* LaunchScreen.xib in Resources */,
				4090F6B61D36E3C00092DB99 /* Images.xcassets in Resources */,
			);
			runOnlyForDeploymentPostprocessing = 0;
		};
		4090F6BC1D36E3C00092DB99 /* Resources */ = {
			isa = PBXResourcesBuildPhase;
			buildActionMask = 2147483647;
			files = (
			);
			runOnlyForDeploymentPostprocessing = 0;
		};
/* End PBXResourcesBuildPhase section */

/* Begin PBXSourcesBuildPhase section */
		4090F6A51D36E3C00092DB99 /* Sources */ = {
			isa = PBXSourcesBuildPhase;
			buildActionMask = 2147483647;
			files = (
				4090F6B11D36E3C00092DB99 /* ViewController.swift in Sources */,
				4090F6AF1D36E3C00092DB99 /* AppDelegate.swift in Sources */,
			);
			runOnlyForDeploymentPostprocessing = 0;
		};
		4090F6BA1D36E3C00092DB99 /* Sources */ = {
			isa = PBXSourcesBuildPhase;
			buildActionMask = 2147483647;
			files = (
				4090F6C51D36E3C00092DB99 /* IsItPrimeTests.swift in Sources */,
			);
			runOnlyForDeploymentPostprocessing = 0;
		};
/* End PBXSourcesBuildPhase section */

/* Begin PBXTargetDependency section */
		4090F6C01D36E3C00092DB99 /* PBXTargetDependency */ = {
			isa = PBXTargetDependency;
			target = 4090F6A81D36E3C00092DB99 /* IsItPrime */;
			targetProxy = 4090F6BF1D36E3C00092DB99 /* PBXContainerItemProxy */;
		};
/* End PBXTargetDependency section */

/* Begin PBXVariantGroup section */
		4090F6B21D36E3C00092DB99 /* Main.storyboard */ = {
			isa = PBXVariantGroup;
			children = (
				4090F6B31D36E3C00092DB99 /* Base */,
			);
			name = Main.storyboard;
			sourceTree = "<group>";
		};
		4090F6B71D36E3C00092DB99 /* LaunchScreen.xib */ = {
			isa = PBXVariantGroup;
			children = (
				4090F6B81D36E3C00092DB99 /* Base */,
			);
			name = LaunchScreen.xib;
			sourceTree = "<group>";
		};
/* End PBXVariantGroup section */

/* Begin XCBuildConfiguration section */
		4090F6C61D36E3C00092DB99 /* Debug */ = {
			isa = XCBuildConfiguration;
			buildSettings = {
				ALWAYS_SEARCH_USER_PATHS = NO;
				CLANG_CXX_LANGUAGE_STANDARD = "gnu++0x";
				CLANG_CXX_LIBRARY = "libc++";
				CLANG_ENABLE_MODULES = YES;
				CLANG_ENABLE_OBJC_ARC = YES;
				CLANG_WARN_BOOL_CONVERSION = YES;
				CLANG_WARN_CONSTANT_CONVERSION = YES;
				CLANG_WARN_DIRECT_OBJC_ISA_USAGE = YES_ERROR;
				CLANG_WARN_EMPTY_BODY = YES;
				CLANG_WARN_ENUM_CONVERSION = YES;
				CLANG_WARN_INT_CONVERSION = YES;
				CLANG_WARN_OBJC_ROOT_CLASS = YES_ERROR;
				CLANG_WARN_UNREACHABLE_CODE = YES;
				CLANG_WARN__DUPLICATE_METHOD_MATCH = YES;
				"CODE_SIGN_IDENTITY[sdk=iphoneos*]" = "iPhone Developer";
				COPY_PHASE_STRIP = NO;
				DEBUG_INFORMATION_FORMAT = "dwarf-with-dsym";
				ENABLE_STRICT_OBJC_MSGSEND = YES;
				GCC_C_LANGUAGE_STANDARD = gnu99;
				GCC_DYNAMIC_NO_PIC = NO;
				GCC_NO_COMMON_BLOCKS = YES;
				GCC_OPTIMIZATION_LEVEL = 0;
				GCC_PREPROCESSOR_DEFINITIONS = (
					"DEBUG=1",
					"$(inherited)",
				);
				GCC_SYMBOLS_PRIVATE_EXTERN = NO;
				GCC_WARN_64_TO_32_BIT_CONVERSION = YES;
				GCC_WARN_ABOUT_RETURN_TYPE = YES_ERROR;
				GCC_WARN_UNDECLARED_SELECTOR = YES;
				GCC_WARN_UNINITIALIZED_AUTOS = YES_AGGRESSIVE;
				GCC_WARN_UNUSED_FUNCTION = YES;
				GCC_WARN_UNUSED_VARIABLE = YES;
				IPHONEOS_DEPLOYMENT_TARGET = 8.4;
				MTL_ENABLE_DEBUG_INFO = YES;
				ONLY_ACTIVE_ARCH = YES;
				SDKROOT = iphoneos;
				SWIFT_OPTIMIZATION_LEVEL = "-Onone";
			};
			name = Debug;
		};
		4090F6C71D36E3C00092DB99 /* Release */ = {
			isa = XCBuildConfiguration;
			buildSettings = {
				ALWAYS_SEARCH_USER_PATHS = NO;
				CLANG_CXX_LANGUAGE_STANDARD = "gnu++0x";
				CLANG_CXX_LIBRARY = "libc++";
				CLANG_ENABLE_MODULES = YES;
				CLANG_ENABLE_OBJC_ARC = YES;
				CLANG_WARN_BOOL_CONVERSION = YES;
				CLANG_WARN_CONSTANT_CONVERSION = YES;
				CLANG_WARN_DIRECT_OBJC_ISA_USAGE = YES_ERROR;
				CLANG_WARN_EMPTY_BODY = YES;
				CLANG_WARN_ENUM_CONVERSION = YES;
				CLANG_WARN_INT_CONVERSION = YES;
				CLANG_WARN_OBJC_ROOT_CLASS = YES_ERROR;
				CLANG_WARN_UNREACHABLE_CODE = YES;
				CLANG_WARN__DUPLICATE_METHOD_MATCH = YES;
				"CODE_SIGN_IDENTITY[sdk=iphoneos*]" = "iPhone Developer";
				COPY_PHASE_STRIP = NO;
				DEBUG_INFORMATION_FORMAT = "dwarf-with-dsym";
				ENABLE_NS_ASSERTIONS = NO;
				ENABLE_STRICT_OBJC_MSGSEND = YES;
				GCC_C_LANGUAGE_STANDARD = gnu99;
				GCC_NO_COMMON_BLOCKS = YES;
				GCC_WARN_64_TO_32_BIT_CONVERSION = YES;
				GCC_WARN_ABOUT_RETURN_TYPE = YES_ERROR;
				GCC_WARN_UNDECLARED_SELECTOR = YES;
				GCC_WARN_UNINITIALIZED_AUTOS = YES_AGGRESSIVE;
				GCC_WARN_UNUSED_FUNCTION = YES;
				GCC_WARN_UNUSED_VARIABLE = YES;
				IPHONEOS_DEPLOYMENT_TARGET = 8.4;
				MTL_ENABLE_DEBUG_INFO = NO;
				SDKROOT = iphoneos;
				VALIDATE_PRODUCT = YES;
			};
			name = Release;
		};
		4090F6C91D36E3C00092DB99 /* Debug */ = {
			isa = XCBuildConfiguration;
			buildSettings = {
				ASSETCATALOG_COMPILER_APPICON_NAME = AppIcon;
				INFOPLIST_FILE = IsItPrime/Info.plist;
				LD_RUNPATH_SEARCH_PATHS = "$(inherited) @executable_path/Frameworks";
				PRODUCT_NAME = "$(TARGET_NAME)";
			};
			name = Debug;
		};
		4090F6CA1D36E3C00092DB99 /* Release */ = {
			isa = XCBuildConfiguration;
			buildSettings = {
				ASSETCATALOG_COMPILER_APPICON_NAME = AppIcon;
				INFOPLIST_FILE = IsItPrime/Info.plist;
				LD_RUNPATH_SEARCH_PATHS = "$(inherited) @executable_path/Frameworks";
				PRODUCT_NAME = "$(TARGET_NAME)";
			};
			name = Release;
		};
		4090F6CC1D36E3C00092DB99 /* Debug */ = {
			isa = XCBuildConfiguration;
			buildSettings = {
				BUNDLE_LOADER = "$(TEST_HOST)";
				FRAMEWORK_SEARCH_PATHS = (
					"$(SDKROOT)/Developer/Library/Frameworks",
					"$(inherited)",
				);
				GCC_PREPROCESSOR_DEFINITIONS = (
					"DEBUG=1",
					"$(inherited)",
				);
				INFOPLIST_FILE = IsItPrimeTests/Info.plist;
				LD_RUNPATH_SEARCH_PATHS = "$(inherited) @executable_path/Frameworks @loader_path/Frameworks";
				PRODUCT_NAME = "$(TARGET_NAME)";
				TEST_HOST = "$(BUILT_PRODUCTS_DIR)/IsItPrime.app/IsItPrime";
			};
			name = Debug;
		};
		4090F6CD1D36E3C00092DB99 /* Release */ = {
			isa = XCBuildConfiguration;
			buildSettings = {
				BUNDLE_LOADER = "$(TEST_HOST)";
				FRAMEWORK_SEARCH_PATHS = (
					"$(SDKROOT)/Developer/Library/Frameworks",
					"$(inherited)",
				);
				INFOPLIST_FILE = IsItPrimeTests/Info.plist;
				LD_RUNPATH_SEARCH_PATHS = "$(inherited) @executable_path/Frameworks @loader_path/Frameworks";
				PRODUCT_NAME = "$(TARGET_NAME)";
				TEST_HOST = "$(BUILT_PRODUCTS_DIR)/IsItPrime.app/IsItPrime";
			};
			name = Release;
		};
/* End XCBuildConfiguration section */

/* Begin XCConfigurationList section */
		4090F6A41D36E3C00092DB99 /* Build configuration list for PBXProject "IsItPrime" */ = {
			isa = XCConfigurationList;
			buildConfigurations = (
				4090F6C61D36E3C00092DB99 /* Debug */,
				4090F6C71D36E3C00092DB99 /* Release */,
			);
			defaultConfigurationIsVisible = 0;
			defaultConfigurationName = Release;
		};
		4090F6C81D36E3C00092DB99 /* Build configuration list for PBXNativeTarget "IsItPrime" */ = {
			isa = XCConfigurationList;
			buildConfigurations = (
				4090F6C91D36E3C00092DB99 /* Debug */,
				4090F6CA1D36E3C00092DB99 /* Release */,
			);
			defaultConfigurationIsVisible = 0;
		};
		4090F6CB1D36E3C00092DB99 /* Build configuration list for PBXNativeTarget "IsItPrimeTests" */ = {
			isa = XCConfigurationList;
			buildConfigurations = (
				4090F6CC1D36E3C00092DB99 /* Debug */,
				4090F6CD1D36E3C00092DB99 /* Release */,
			);
			defaultConfigurationIsVisible = 0;
		};
/* End XCConfigurationList section */
	};
	rootObject = 4090F6A11D36E3C00092DB99 /* Project object */;
}
